// !$*UTF8*$!
{
	archiveVersion = 1;
	classes = {
	};
	objectVersion = 46;
	objects = {

/* Begin PBXBuildFile section */
		2592DDB436C41E59D1184728 /* libPods.a in Frameworks */ = {isa = PBXBuildFile; fileRef = 109B2623C080AE929F009F83 /* libPods.a */; };
		2D35B6311AE0B31D00E3E2EA /* AsyncButton.swift in Sources */ = {isa = PBXBuildFile; fileRef = 2D35B6131AE0B31D00E3E2EA /* AsyncButton.swift */; };
		2D35B6321AE0B31D00E3E2EA /* AsyncImageView.swift in Sources */ = {isa = PBXBuildFile; fileRef = 2D35B6141AE0B31D00E3E2EA /* AsyncImageView.swift */; };
		2D35B6331AE0B31D00E3E2EA /* AutoTextView.swift in Sources */ = {isa = PBXBuildFile; fileRef = 2D35B6151AE0B31D00E3E2EA /* AutoTextView.swift */; };
		2D35B6341AE0B31D00E3E2EA /* BlurView.swift in Sources */ = {isa = PBXBuildFile; fileRef = 2D35B6161AE0B31D00E3E2EA /* BlurView.swift */; };
		2D35B6351AE0B31D00E3E2EA /* DesignableButton.swift in Sources */ = {isa = PBXBuildFile; fileRef = 2D35B6171AE0B31D00E3E2EA /* DesignableButton.swift */; };
		2D35B6361AE0B31D00E3E2EA /* DesignableImageView.swift in Sources */ = {isa = PBXBuildFile; fileRef = 2D35B6181AE0B31D00E3E2EA /* DesignableImageView.swift */; };
		2D35B6371AE0B31D00E3E2EA /* DesignableLabel.swift in Sources */ = {isa = PBXBuildFile; fileRef = 2D35B6191AE0B31D00E3E2EA /* DesignableLabel.swift */; };
		2D35B6381AE0B31D00E3E2EA /* DesignableTabBarController.swift in Sources */ = {isa = PBXBuildFile; fileRef = 2D35B61A1AE0B31D00E3E2EA /* DesignableTabBarController.swift */; };
		2D35B6391AE0B31D00E3E2EA /* DesignableTextField.swift in Sources */ = {isa = PBXBuildFile; fileRef = 2D35B61B1AE0B31D00E3E2EA /* DesignableTextField.swift */; };
		2D35B63A1AE0B31D00E3E2EA /* DesignableTextView.swift in Sources */ = {isa = PBXBuildFile; fileRef = 2D35B61C1AE0B31D00E3E2EA /* DesignableTextView.swift */; };
		2D35B63B1AE0B31D00E3E2EA /* DesignableView.swift in Sources */ = {isa = PBXBuildFile; fileRef = 2D35B61D1AE0B31D00E3E2EA /* DesignableView.swift */; };
		2D35B63C1AE0B31D00E3E2EA /* ImageLoader.swift in Sources */ = {isa = PBXBuildFile; fileRef = 2D35B61E1AE0B31D00E3E2EA /* ImageLoader.swift */; };
		2D35B63D1AE0B31D00E3E2EA /* Info.plist in Resources */ = {isa = PBXBuildFile; fileRef = 2D35B61F1AE0B31D00E3E2EA /* Info.plist */; };
		2D35B63E1AE0B31D00E3E2EA /* KeyboardLayoutConstraint.swift in Sources */ = {isa = PBXBuildFile; fileRef = 2D35B6201AE0B31D00E3E2EA /* KeyboardLayoutConstraint.swift */; };
		2D35B63F1AE0B31D00E3E2EA /* LoadingView.swift in Sources */ = {isa = PBXBuildFile; fileRef = 2D35B6211AE0B31D00E3E2EA /* LoadingView.swift */; };
		2D35B6401AE0B31D00E3E2EA /* LoadingView.xib in Resources */ = {isa = PBXBuildFile; fileRef = 2D35B6221AE0B31D00E3E2EA /* LoadingView.xib */; };
		2D35B6411AE0B31D00E3E2EA /* Misc.swift in Sources */ = {isa = PBXBuildFile; fileRef = 2D35B6231AE0B31D00E3E2EA /* Misc.swift */; };
		2D35B6421AE0B31D00E3E2EA /* SoundPlayer.swift in Sources */ = {isa = PBXBuildFile; fileRef = 2D35B6241AE0B31D00E3E2EA /* SoundPlayer.swift */; };
		2D35B6431AE0B31D00E3E2EA /* Spring.swift in Sources */ = {isa = PBXBuildFile; fileRef = 2D35B6261AE0B31D00E3E2EA /* Spring.swift */; };
		2D35B6441AE0B31D00E3E2EA /* SpringAnimation.swift in Sources */ = {isa = PBXBuildFile; fileRef = 2D35B6271AE0B31D00E3E2EA /* SpringAnimation.swift */; };
		2D35B6451AE0B31D00E3E2EA /* SpringButton.swift in Sources */ = {isa = PBXBuildFile; fileRef = 2D35B6281AE0B31D00E3E2EA /* SpringButton.swift */; };
		2D35B6461AE0B31D00E3E2EA /* SpringImageView.swift in Sources */ = {isa = PBXBuildFile; fileRef = 2D35B6291AE0B31D00E3E2EA /* SpringImageView.swift */; };
		2D35B6471AE0B31D00E3E2EA /* SpringLabel.swift in Sources */ = {isa = PBXBuildFile; fileRef = 2D35B62A1AE0B31D00E3E2EA /* SpringLabel.swift */; };
		2D35B6481AE0B31D00E3E2EA /* SpringTextField.swift in Sources */ = {isa = PBXBuildFile; fileRef = 2D35B62B1AE0B31D00E3E2EA /* SpringTextField.swift */; };
		2D35B6491AE0B31D00E3E2EA /* SpringTextView.swift in Sources */ = {isa = PBXBuildFile; fileRef = 2D35B62C1AE0B31D00E3E2EA /* SpringTextView.swift */; };
		2D35B64A1AE0B31D00E3E2EA /* SpringView.swift in Sources */ = {isa = PBXBuildFile; fileRef = 2D35B62D1AE0B31D00E3E2EA /* SpringView.swift */; };
		2D35B64B1AE0B31D00E3E2EA /* TransitionManager.swift in Sources */ = {isa = PBXBuildFile; fileRef = 2D35B62E1AE0B31D00E3E2EA /* TransitionManager.swift */; };
		2D35B64C1AE0B31D00E3E2EA /* TransitionZoom.swift in Sources */ = {isa = PBXBuildFile; fileRef = 2D35B62F1AE0B31D00E3E2EA /* TransitionZoom.swift */; };
		2D35B64D1AE0B31D00E3E2EA /* UnwindSegue.swift in Sources */ = {isa = PBXBuildFile; fileRef = 2D35B6301AE0B31D00E3E2EA /* UnwindSegue.swift */; };
		2D35B6501AE0B66600E3E2EA /* DynamicView.swift in Sources */ = {isa = PBXBuildFile; fileRef = 2D35B64F1AE0B66600E3E2EA /* DynamicView.swift */; };
		2D6801DF1AE5347F00CE86A0 /* AVFoundation.framework in Frameworks */ = {isa = PBXBuildFile; fileRef = 2D6801DE1AE5347F00CE86A0 /* AVFoundation.framework */; };
		2D93F9801ADD792000DF695B /* AppDelegate.swift in Sources */ = {isa = PBXBuildFile; fileRef = 2D93F97F1ADD792000DF695B /* AppDelegate.swift */; };
		2D93F9821ADD792000DF695B /* ViewController.swift in Sources */ = {isa = PBXBuildFile; fileRef = 2D93F9811ADD792000DF695B /* ViewController.swift */; };
		2D93F9851ADD792000DF695B /* Main.storyboard in Resources */ = {isa = PBXBuildFile; fileRef = 2D93F9831ADD792000DF695B /* Main.storyboard */; };
		2D93F9871ADD792000DF695B /* Images.xcassets in Resources */ = {isa = PBXBuildFile; fileRef = 2D93F9861ADD792000DF695B /* Images.xcassets */; };
		2D93F98A1ADD792000DF695B /* LaunchScreen.xib in Resources */ = {isa = PBXBuildFile; fileRef = 2D93F9881ADD792000DF695B /* LaunchScreen.xib */; };
		2D93F9961ADD792000DF695B /* WWDC15Tests.swift in Sources */ = {isa = PBXBuildFile; fileRef = 2D93F9951ADD792000DF695B /* WWDC15Tests.swift */; };
		2D93F9A21ADDF20200DF695B /* HomeViewController.swift in Sources */ = {isa = PBXBuildFile; fileRef = 2D93F9A11ADDF20200DF695B /* HomeViewController.swift */; };
		2D93F9A91ADE7F6500DF695B /* GlowLayer.swift in Sources */ = {isa = PBXBuildFile; fileRef = 2D93F9A81ADE7F6500DF695B /* GlowLayer.swift */; };
		2D9E68071AE3FFFA0047B34A /* mainBackgroundViewController.swift in Sources */ = {isa = PBXBuildFile; fileRef = 2D9E68061AE3FFFA0047B34A /* mainBackgroundViewController.swift */; };
		2DDFC2521AE6409300CB3ACA /* BackgroundHelper.swift in Sources */ = {isa = PBXBuildFile; fileRef = 2DDFC2511AE6409300CB3ACA /* BackgroundHelper.swift */; };
		2DDFC2541AE649DD00CB3ACA /* glyph1.json in Resources */ = {isa = PBXBuildFile; fileRef = 2DDFC2531AE649DD00CB3ACA /* glyph1.json */; };
		2DDFC2571AE6658E00CB3ACA /* glyphCollectionViewCell.swift in Sources */ = {isa = PBXBuildFile; fileRef = 2DDFC2561AE6658E00CB3ACA /* glyphCollectionViewCell.swift */; };
		2DE78D0F1AE50069005C8AE3 /* bgEffect.mp4 in Resources */ = {isa = PBXBuildFile; fileRef = 2DE78D0E1AE50069005C8AE3 /* bgEffect.mp4 */; };
		2DEEB6C71AE8866E00F5FFA9 /* RZMagicLayout.swift in Sources */ = {isa = PBXBuildFile; fileRef = 2DEEB6C61AE8866E00F5FFA9 /* RZMagicLayout.swift */; };
		2DEEB6CC1AEBAE6A00F5FFA9 /* RZMagicCollectionView.swift in Sources */ = {isa = PBXBuildFile; fileRef = 2DEEB6CB1AEBAE6A00F5FFA9 /* RZMagicCollectionView.swift */; };
		2DEEB6CF1AEC1A2700F5FFA9 /* MagicTransition.swift in Sources */ = {isa = PBXBuildFile; fileRef = 2DEEB6CE1AEC1A2700F5FFA9 /* MagicTransition.swift */; };
		2DEEB6D11AEC34A700F5FFA9 /* RZStretchLayout.swift in Sources */ = {isa = PBXBuildFile; fileRef = 2DEEB6D01AEC34A700F5FFA9 /* RZStretchLayout.swift */; };
		2DEEB6D31AEC3A7100F5FFA9 /* InfoViewController.swift in Sources */ = {isa = PBXBuildFile; fileRef = 2DEEB6D21AEC3A7100F5FFA9 /* InfoViewController.swift */; };
/* End PBXBuildFile section */

/* Begin PBXContainerItemProxy section */
		2D93F9901ADD792000DF695B /* PBXContainerItemProxy */ = {
			isa = PBXContainerItemProxy;
			containerPortal = 2D93F9721ADD792000DF695B /* Project object */;
			proxyType = 1;
			remoteGlobalIDString = 2D93F9791ADD792000DF695B;
			remoteInfo = WWDC15;
		};
/* End PBXContainerItemProxy section */

/* Begin PBXFileReference section */
		109B2623C080AE929F009F83 /* libPods.a */ = {isa = PBXFileReference; explicitFileType = archive.ar; includeInIndex = 0; path = libPods.a; sourceTree = BUILT_PRODUCTS_DIR; };
		2D35B6131AE0B31D00E3E2EA /* AsyncButton.swift */ = {isa = PBXFileReference; fileEncoding = 4; lastKnownFileType = sourcecode.swift; path = AsyncButton.swift; sourceTree = "<group>"; };
		2D35B6141AE0B31D00E3E2EA /* AsyncImageView.swift */ = {isa = PBXFileReference; fileEncoding = 4; lastKnownFileType = sourcecode.swift; path = AsyncImageView.swift; sourceTree = "<group>"; };
		2D35B6151AE0B31D00E3E2EA /* AutoTextView.swift */ = {isa = PBXFileReference; fileEncoding = 4; lastKnownFileType = sourcecode.swift; path = AutoTextView.swift; sourceTree = "<group>"; };
		2D35B6161AE0B31D00E3E2EA /* BlurView.swift */ = {isa = PBXFileReference; fileEncoding = 4; lastKnownFileType = sourcecode.swift; path = BlurView.swift; sourceTree = "<group>"; };
		2D35B6171AE0B31D00E3E2EA /* DesignableButton.swift */ = {isa = PBXFileReference; fileEncoding = 4; lastKnownFileType = sourcecode.swift; path = DesignableButton.swift; sourceTree = "<group>"; };
		2D35B6181AE0B31D00E3E2EA /* DesignableImageView.swift */ = {isa = PBXFileReference; fileEncoding = 4; lastKnownFileType = sourcecode.swift; path = DesignableImageView.swift; sourceTree = "<group>"; };
		2D35B6191AE0B31D00E3E2EA /* DesignableLabel.swift */ = {isa = PBXFileReference; fileEncoding = 4; lastKnownFileType = sourcecode.swift; path = DesignableLabel.swift; sourceTree = "<group>"; };
		2D35B61A1AE0B31D00E3E2EA /* DesignableTabBarController.swift */ = {isa = PBXFileReference; fileEncoding = 4; lastKnownFileType = sourcecode.swift; path = DesignableTabBarController.swift; sourceTree = "<group>"; };
		2D35B61B1AE0B31D00E3E2EA /* DesignableTextField.swift */ = {isa = PBXFileReference; fileEncoding = 4; lastKnownFileType = sourcecode.swift; path = DesignableTextField.swift; sourceTree = "<group>"; };
		2D35B61C1AE0B31D00E3E2EA /* DesignableTextView.swift */ = {isa = PBXFileReference; fileEncoding = 4; lastKnownFileType = sourcecode.swift; path = DesignableTextView.swift; sourceTree = "<group>"; };
		2D35B61D1AE0B31D00E3E2EA /* DesignableView.swift */ = {isa = PBXFileReference; fileEncoding = 4; lastKnownFileType = sourcecode.swift; path = DesignableView.swift; sourceTree = "<group>"; };
		2D35B61E1AE0B31D00E3E2EA /* ImageLoader.swift */ = {isa = PBXFileReference; fileEncoding = 4; lastKnownFileType = sourcecode.swift; path = ImageLoader.swift; sourceTree = "<group>"; };
		2D35B61F1AE0B31D00E3E2EA /* Info.plist */ = {isa = PBXFileReference; fileEncoding = 4; lastKnownFileType = text.plist.xml; path = Info.plist; sourceTree = "<group>"; };
		2D35B6201AE0B31D00E3E2EA /* KeyboardLayoutConstraint.swift */ = {isa = PBXFileReference; fileEncoding = 4; lastKnownFileType = sourcecode.swift; path = KeyboardLayoutConstraint.swift; sourceTree = "<group>"; };
		2D35B6211AE0B31D00E3E2EA /* LoadingView.swift */ = {isa = PBXFileReference; fileEncoding = 4; lastKnownFileType = sourcecode.swift; path = LoadingView.swift; sourceTree = "<group>"; };
		2D35B6221AE0B31D00E3E2EA /* LoadingView.xib */ = {isa = PBXFileReference; fileEncoding = 4; lastKnownFileType = file.xib; path = LoadingView.xib; sourceTree = "<group>"; };
		2D35B6231AE0B31D00E3E2EA /* Misc.swift */ = {isa = PBXFileReference; fileEncoding = 4; lastKnownFileType = sourcecode.swift; path = Misc.swift; sourceTree = "<group>"; };
		2D35B6241AE0B31D00E3E2EA /* SoundPlayer.swift */ = {isa = PBXFileReference; fileEncoding = 4; lastKnownFileType = sourcecode.swift; path = SoundPlayer.swift; sourceTree = "<group>"; };
		2D35B6251AE0B31D00E3E2EA /* Spring.h */ = {isa = PBXFileReference; fileEncoding = 4; lastKnownFileType = sourcecode.c.h; path = Spring.h; sourceTree = "<group>"; };
		2D35B6261AE0B31D00E3E2EA /* Spring.swift */ = {isa = PBXFileReference; fileEncoding = 4; lastKnownFileType = sourcecode.swift; path = Spring.swift; sourceTree = "<group>"; };
		2D35B6271AE0B31D00E3E2EA /* SpringAnimation.swift */ = {isa = PBXFileReference; fileEncoding = 4; lastKnownFileType = sourcecode.swift; path = SpringAnimation.swift; sourceTree = "<group>"; };
		2D35B6281AE0B31D00E3E2EA /* SpringButton.swift */ = {isa = PBXFileReference; fileEncoding = 4; lastKnownFileType = sourcecode.swift; path = SpringButton.swift; sourceTree = "<group>"; };
		2D35B6291AE0B31D00E3E2EA /* SpringImageView.swift */ = {isa = PBXFileReference; fileEncoding = 4; lastKnownFileType = sourcecode.swift; path = SpringImageView.swift; sourceTree = "<group>"; };
		2D35B62A1AE0B31D00E3E2EA /* SpringLabel.swift */ = {isa = PBXFileReference; fileEncoding = 4; lastKnownFileType = sourcecode.swift; path = SpringLabel.swift; sourceTree = "<group>"; };
		2D35B62B1AE0B31D00E3E2EA /* SpringTextField.swift */ = {isa = PBXFileReference; fileEncoding = 4; lastKnownFileType = sourcecode.swift; path = SpringTextField.swift; sourceTree = "<group>"; };
		2D35B62C1AE0B31D00E3E2EA /* SpringTextView.swift */ = {isa = PBXFileReference; fileEncoding = 4; lastKnownFileType = sourcecode.swift; path = SpringTextView.swift; sourceTree = "<group>"; };
		2D35B62D1AE0B31D00E3E2EA /* SpringView.swift */ = {isa = PBXFileReference; fileEncoding = 4; lastKnownFileType = sourcecode.swift; path = SpringView.swift; sourceTree = "<group>"; };
		2D35B62E1AE0B31D00E3E2EA /* TransitionManager.swift */ = {isa = PBXFileReference; fileEncoding = 4; lastKnownFileType = sourcecode.swift; path = TransitionManager.swift; sourceTree = "<group>"; };
		2D35B62F1AE0B31D00E3E2EA /* TransitionZoom.swift */ = {isa = PBXFileReference; fileEncoding = 4; lastKnownFileType = sourcecode.swift; path = TransitionZoom.swift; sourceTree = "<group>"; };
		2D35B6301AE0B31D00E3E2EA /* UnwindSegue.swift */ = {isa = PBXFileReference; fileEncoding = 4; lastKnownFileType = sourcecode.swift; path = UnwindSegue.swift; sourceTree = "<group>"; };
		2D35B64F1AE0B66600E3E2EA /* DynamicView.swift */ = {isa = PBXFileReference; fileEncoding = 4; lastKnownFileType = sourcecode.swift; path = DynamicView.swift; sourceTree = "<group>"; };
		2D6801DE1AE5347F00CE86A0 /* AVFoundation.framework */ = {isa = PBXFileReference; lastKnownFileType = wrapper.framework; name = AVFoundation.framework; path = System/Library/Frameworks/AVFoundation.framework; sourceTree = SDKROOT; };
		2D93F97A1ADD792000DF695B /* WWDC15.app */ = {isa = PBXFileReference; explicitFileType = wrapper.application; includeInIndex = 0; path = WWDC15.app; sourceTree = BUILT_PRODUCTS_DIR; };
		2D93F97E1ADD792000DF695B /* Info.plist */ = {isa = PBXFileReference; lastKnownFileType = text.plist.xml; path = Info.plist; sourceTree = "<group>"; };
		2D93F97F1ADD792000DF695B /* AppDelegate.swift */ = {isa = PBXFileReference; lastKnownFileType = sourcecode.swift; path = AppDelegate.swift; sourceTree = "<group>"; };
		2D93F9811ADD792000DF695B /* ViewController.swift */ = {isa = PBXFileReference; lastKnownFileType = sourcecode.swift; path = ViewController.swift; sourceTree = "<group>"; };
		2D93F9841ADD792000DF695B /* Base */ = {isa = PBXFileReference; lastKnownFileType = file.storyboard; name = Base; path = Base.lproj/Main.storyboard; sourceTree = "<group>"; };
		2D93F9861ADD792000DF695B /* Images.xcassets */ = {isa = PBXFileReference; lastKnownFileType = folder.assetcatalog; path = Images.xcassets; sourceTree = "<group>"; };
		2D93F9891ADD792000DF695B /* Base */ = {isa = PBXFileReference; lastKnownFileType = file.xib; name = Base; path = Base.lproj/LaunchScreen.xib; sourceTree = "<group>"; };
		2D93F98F1ADD792000DF695B /* WWDC15Tests.xctest */ = {isa = PBXFileReference; explicitFileType = wrapper.cfbundle; includeInIndex = 0; path = WWDC15Tests.xctest; sourceTree = BUILT_PRODUCTS_DIR; };
		2D93F9941ADD792000DF695B /* Info.plist */ = {isa = PBXFileReference; lastKnownFileType = text.plist.xml; path = Info.plist; sourceTree = "<group>"; };
		2D93F9951ADD792000DF695B /* WWDC15Tests.swift */ = {isa = PBXFileReference; lastKnownFileType = sourcecode.swift; path = WWDC15Tests.swift; sourceTree = "<group>"; };
		2D93F9A11ADDF20200DF695B /* HomeViewController.swift */ = {isa = PBXFileReference; fileEncoding = 4; lastKnownFileType = sourcecode.swift; path = HomeViewController.swift; sourceTree = "<group>"; };
		2D93F9A81ADE7F6500DF695B /* GlowLayer.swift */ = {isa = PBXFileReference; fileEncoding = 4; lastKnownFileType = sourcecode.swift; path = GlowLayer.swift; sourceTree = "<group>"; };
		2D9E68061AE3FFFA0047B34A /* mainBackgroundViewController.swift */ = {isa = PBXFileReference; fileEncoding = 4; lastKnownFileType = sourcecode.swift; path = mainBackgroundViewController.swift; sourceTree = "<group>"; };
		2DDFC2511AE6409300CB3ACA /* BackgroundHelper.swift */ = {isa = PBXFileReference; fileEncoding = 4; lastKnownFileType = sourcecode.swift; path = BackgroundHelper.swift; sourceTree = "<group>"; };
		2DDFC2531AE649DD00CB3ACA /* glyph1.json */ = {isa = PBXFileReference; fileEncoding = 4; lastKnownFileType = text.json; path = glyph1.json; sourceTree = "<group>"; };
		2DDFC2561AE6658E00CB3ACA /* glyphCollectionViewCell.swift */ = {isa = PBXFileReference; fileEncoding = 4; lastKnownFileType = sourcecode.swift; path = glyphCollectionViewCell.swift; sourceTree = "<group>"; };
		2DE78D0E1AE50069005C8AE3 /* bgEffect.mp4 */ = {isa = PBXFileReference; lastKnownFileType = file; path = bgEffect.mp4; sourceTree = "<group>"; };
		2DEEB6C61AE8866E00F5FFA9 /* RZMagicLayout.swift */ = {isa = PBXFileReference; fileEncoding = 4; lastKnownFileType = sourcecode.swift; path = RZMagicLayout.swift; sourceTree = "<group>"; };
		2DEEB6CA1AE8EE8000F5FFA9 /* Experimental.playground */ = {isa = PBXFileReference; lastKnownFileType = file.playground; path = Experimental.playground; sourceTree = "<group>"; };
		2DEEB6CB1AEBAE6A00F5FFA9 /* RZMagicCollectionView.swift */ = {isa = PBXFileReference; fileEncoding = 4; lastKnownFileType = sourcecode.swift; path = RZMagicCollectionView.swift; sourceTree = "<group>"; };
		2DEEB6CE1AEC1A2700F5FFA9 /* MagicTransition.swift */ = {isa = PBXFileReference; fileEncoding = 4; lastKnownFileType = sourcecode.swift; path = MagicTransition.swift; sourceTree = "<group>"; };
		2DEEB6D01AEC34A700F5FFA9 /* RZStretchLayout.swift */ = {isa = PBXFileReference; fileEncoding = 4; lastKnownFileType = sourcecode.swift; path = RZStretchLayout.swift; sourceTree = "<group>"; };
		2DEEB6D21AEC3A7100F5FFA9 /* InfoViewController.swift */ = {isa = PBXFileReference; fileEncoding = 4; lastKnownFileType = sourcecode.swift; path = InfoViewController.swift; sourceTree = "<group>"; };
		3D1B5216654E1305873CF8A7 /* Pods.release.xcconfig */ = {isa = PBXFileReference; includeInIndex = 1; lastKnownFileType = text.xcconfig; name = Pods.release.xcconfig; path = "Pods/Target Support Files/Pods/Pods.release.xcconfig"; sourceTree = "<group>"; };
		3EDCA2B7C01E0B43DB2BC6D2 /* Pods.debug.xcconfig */ = {isa = PBXFileReference; includeInIndex = 1; lastKnownFileType = text.xcconfig; name = Pods.debug.xcconfig; path = "Pods/Target Support Files/Pods/Pods.debug.xcconfig"; sourceTree = "<group>"; };
/* End PBXFileReference section */

/* Begin PBXFrameworksBuildPhase section */
		2D93F9771ADD792000DF695B /* Frameworks */ = {
			isa = PBXFrameworksBuildPhase;
			buildActionMask = 2147483647;
			files = (
				2D6801DF1AE5347F00CE86A0 /* AVFoundation.framework in Frameworks */,
				2592DDB436C41E59D1184728 /* libPods.a in Frameworks */,
			);
			runOnlyForDeploymentPostprocessing = 0;
		};
		2D93F98C1ADD792000DF695B /* Frameworks */ = {
			isa = PBXFrameworksBuildPhase;
			buildActionMask = 2147483647;
			files = (
			);
			runOnlyForDeploymentPostprocessing = 0;
		};
/* End PBXFrameworksBuildPhase section */

/* Begin PBXGroup section */
		2D35B6121AE0B31D00E3E2EA /* Spring */ = {
			isa = PBXGroup;
			children = (
				2D35B6131AE0B31D00E3E2EA /* AsyncButton.swift */,
				2D35B6141AE0B31D00E3E2EA /* AsyncImageView.swift */,
				2D35B6151AE0B31D00E3E2EA /* AutoTextView.swift */,
				2D35B6161AE0B31D00E3E2EA /* BlurView.swift */,
				2D35B6171AE0B31D00E3E2EA /* DesignableButton.swift */,
				2D35B6181AE0B31D00E3E2EA /* DesignableImageView.swift */,
				2D35B6191AE0B31D00E3E2EA /* DesignableLabel.swift */,
				2D35B61A1AE0B31D00E3E2EA /* DesignableTabBarController.swift */,
				2D35B61B1AE0B31D00E3E2EA /* DesignableTextField.swift */,
				2D35B61C1AE0B31D00E3E2EA /* DesignableTextView.swift */,
				2D35B61D1AE0B31D00E3E2EA /* DesignableView.swift */,
				2D35B61E1AE0B31D00E3E2EA /* ImageLoader.swift */,
				2D35B61F1AE0B31D00E3E2EA /* Info.plist */,
				2D35B6201AE0B31D00E3E2EA /* KeyboardLayoutConstraint.swift */,
				2D35B6211AE0B31D00E3E2EA /* LoadingView.swift */,
				2D35B6221AE0B31D00E3E2EA /* LoadingView.xib */,
				2D35B6231AE0B31D00E3E2EA /* Misc.swift */,
				2D35B6241AE0B31D00E3E2EA /* SoundPlayer.swift */,
				2D35B6251AE0B31D00E3E2EA /* Spring.h */,
				2D35B6261AE0B31D00E3E2EA /* Spring.swift */,
				2D35B6271AE0B31D00E3E2EA /* SpringAnimation.swift */,
				2D35B6281AE0B31D00E3E2EA /* SpringButton.swift */,
				2D35B6291AE0B31D00E3E2EA /* SpringImageView.swift */,
				2D35B62A1AE0B31D00E3E2EA /* SpringLabel.swift */,
				2D35B62B1AE0B31D00E3E2EA /* SpringTextField.swift */,
				2D35B62C1AE0B31D00E3E2EA /* SpringTextView.swift */,
				2D35B62D1AE0B31D00E3E2EA /* SpringView.swift */,
				2D35B62E1AE0B31D00E3E2EA /* TransitionManager.swift */,
				2D35B62F1AE0B31D00E3E2EA /* TransitionZoom.swift */,
				2D35B6301AE0B31D00E3E2EA /* UnwindSegue.swift */,
			);
			name = Spring;
			sourceTree = "<group>";
		};
		2D35B64E1AE0B32F00E3E2EA /* Libs */ = {
			isa = PBXGroup;
			children = (
				2D35B6121AE0B31D00E3E2EA /* Spring */,
			);
			name = Libs;
			path = Spring;
			sourceTree = "<group>";
		};
		2D93F9711ADD792000DF695B = {
			isa = PBXGroup;
			children = (
				2D93F97C1ADD792000DF695B /* WWDC15 */,
				2D93F9921ADD792000DF695B /* WWDC15Tests */,
				2D93F97B1ADD792000DF695B /* Products */,
				FA30FDF4649F136CE290B43B /* Pods */,
				D7BD37747882A5FF9D3D97EC /* Frameworks */,
			);
			sourceTree = "<group>";
		};
		2D93F97B1ADD792000DF695B /* Products */ = {
			isa = PBXGroup;
			children = (
				2D93F97A1ADD792000DF695B /* WWDC15.app */,
				2D93F98F1ADD792000DF695B /* WWDC15Tests.xctest */,
			);
			name = Products;
			sourceTree = "<group>";
		};
		2D93F97C1ADD792000DF695B /* WWDC15 */ = {
			isa = PBXGroup;
			children = (
				2DEEB6CA1AE8EE8000F5FFA9 /* Experimental.playground */,
				2D93F9A31ADDF21600DF695B /* ViewControllers */,
				2DDFC2581AE6674200CB3ACA /* Models */,
				2DDFC2551AE649E400CB3ACA /* JSON */,
				2D93F9A41ADDF22C00DF695B /* Assets */,
				2D93F9A51ADDF23400DF695B /* Interfaces */,
				2D35B64E1AE0B32F00E3E2EA /* Libs */,
				2D93F97D1ADD792000DF695B /* Supporting Files */,
			);
			path = WWDC15;
			sourceTree = "<group>";
		};
		2D93F97D1ADD792000DF695B /* Supporting Files */ = {
			isa = PBXGroup;
			children = (
				2D93F97E1ADD792000DF695B /* Info.plist */,
			);
			name = "Supporting Files";
			sourceTree = "<group>";
		};
		2D93F9921ADD792000DF695B /* WWDC15Tests */ = {
			isa = PBXGroup;
			children = (
				2D93F9951ADD792000DF695B /* WWDC15Tests.swift */,
				2D93F9931ADD792000DF695B /* Supporting Files */,
			);
			path = WWDC15Tests;
			sourceTree = "<group>";
		};
		2D93F9931ADD792000DF695B /* Supporting Files */ = {
			isa = PBXGroup;
			children = (
				2D93F9941ADD792000DF695B /* Info.plist */,
			);
			name = "Supporting Files";
			sourceTree = "<group>";
		};
		2D93F9A31ADDF21600DF695B /* ViewControllers */ = {
			isa = PBXGroup;
			children = (
				2D93F97F1ADD792000DF695B /* AppDelegate.swift */,
				2D93F9A11ADDF20200DF695B /* HomeViewController.swift */,
				2D93F9811ADD792000DF695B /* ViewController.swift */,
				2D93F9A81ADE7F6500DF695B /* GlowLayer.swift */,
				2D35B64F1AE0B66600E3E2EA /* DynamicView.swift */,
				2DEEB6CD1AEC19F200F5FFA9 /* ViewController */,
				2DDFC2511AE6409300CB3ACA /* BackgroundHelper.swift */,
				2DDFC2561AE6658E00CB3ACA /* glyphCollectionViewCell.swift */,
				2DEEB6C51AE8864E00F5FFA9 /* Layouts */,
			);
			name = ViewControllers;
			sourceTree = "<group>";
		};
		2D93F9A41ADDF22C00DF695B /* Assets */ = {
			isa = PBXGroup;
			children = (
				2DE78D0E1AE50069005C8AE3 /* bgEffect.mp4 */,
				2D93F9861ADD792000DF695B /* Images.xcassets */,
			);
			name = Assets;
			sourceTree = "<group>";
		};
		2D93F9A51ADDF23400DF695B /* Interfaces */ = {
			isa = PBXGroup;
			children = (
				2D93F9881ADD792000DF695B /* LaunchScreen.xib */,
				2D93F9831ADD792000DF695B /* Main.storyboard */,
			);
			name = Interfaces;
			sourceTree = "<group>";
		};
		2DDFC2551AE649E400CB3ACA /* JSON */ = {
			isa = PBXGroup;
			children = (
				2DDFC2531AE649DD00CB3ACA /* glyph1.json */,
			);
			name = JSON;
			sourceTree = "<group>";
		};
		2DDFC2581AE6674200CB3ACA /* Models */ = {
			isa = PBXGroup;
			children = (
			);
			name = Models;
			sourceTree = "<group>";
		};
		2DEEB6C51AE8864E00F5FFA9 /* Layouts */ = {
			isa = PBXGroup;
			children = (
				2DEEB6C61AE8866E00F5FFA9 /* RZMagicLayout.swift */,
				2DEEB6CB1AEBAE6A00F5FFA9 /* RZMagicCollectionView.swift */,
				2DEEB6D01AEC34A700F5FFA9 /* RZStretchLayout.swift */,
			);
			name = Layouts;
			sourceTree = "<group>";
		};
		2DEEB6CD1AEC19F200F5FFA9 /* ViewController */ = {
			isa = PBXGroup;
			children = (
				2D9E68061AE3FFFA0047B34A /* mainBackgroundViewController.swift */,
				2DEEB6CE1AEC1A2700F5FFA9 /* MagicTransition.swift */,
				2DEEB6D21AEC3A7100F5FFA9 /* InfoViewController.swift */,
			);
			name = ViewController;
			sourceTree = "<group>";
		};
		D7BD37747882A5FF9D3D97EC /* Frameworks */ = {
			isa = PBXGroup;
			children = (
				2D6801DE1AE5347F00CE86A0 /* AVFoundation.framework */,
				109B2623C080AE929F009F83 /* libPods.a */,
			);
			name = Frameworks;
			sourceTree = "<group>";
		};
		FA30FDF4649F136CE290B43B /* Pods */ = {
			isa = PBXGroup;
			children = (
				3EDCA2B7C01E0B43DB2BC6D2 /* Pods.debug.xcconfig */,
				3D1B5216654E1305873CF8A7 /* Pods.release.xcconfig */,
			);
			name = Pods;
			sourceTree = "<group>";
		};
/* End PBXGroup section */

/* Begin PBXNativeTarget section */
		2D93F9791ADD792000DF695B /* WWDC15 */ = {
			isa = PBXNativeTarget;
			buildConfigurationList = 2D93F9991ADD792000DF695B /* Build configuration list for PBXNativeTarget "WWDC15" */;
			buildPhases = (
				9C7D55512AD5AE434745A591 /* Check Pods Manifest.lock */,
				2D93F9761ADD792000DF695B /* Sources */,
				2D93F9771ADD792000DF695B /* Frameworks */,
				2D93F9781ADD792000DF695B /* Resources */,
				03E390D99D1BAA232D8F4B41 /* Copy Pods Resources */,
			);
			buildRules = (
			);
			dependencies = (
			);
			name = WWDC15;
			productName = WWDC15;
			productReference = 2D93F97A1ADD792000DF695B /* WWDC15.app */;
			productType = "com.apple.product-type.application";
		};
		2D93F98E1ADD792000DF695B /* WWDC15Tests */ = {
			isa = PBXNativeTarget;
			buildConfigurationList = 2D93F99C1ADD792000DF695B /* Build configuration list for PBXNativeTarget "WWDC15Tests" */;
			buildPhases = (
				2D93F98B1ADD792000DF695B /* Sources */,
				2D93F98C1ADD792000DF695B /* Frameworks */,
				2D93F98D1ADD792000DF695B /* Resources */,
			);
			buildRules = (
			);
			dependencies = (
				2D93F9911ADD792000DF695B /* PBXTargetDependency */,
			);
			name = WWDC15Tests;
			productName = WWDC15Tests;
			productReference = 2D93F98F1ADD792000DF695B /* WWDC15Tests.xctest */;
			productType = "com.apple.product-type.bundle.unit-test";
		};
/* End PBXNativeTarget section */

/* Begin PBXProject section */
		2D93F9721ADD792000DF695B /* Project object */ = {
			isa = PBXProject;
			attributes = {
				LastUpgradeCheck = 0630;
				ORGANIZATIONNAME = "Rameez Remsudeen";
				TargetAttributes = {
					2D93F9791ADD792000DF695B = {
						CreatedOnToolsVersion = 6.3;
						DevelopmentTeam = 6HC28E8U42;
					};
					2D93F98E1ADD792000DF695B = {
						CreatedOnToolsVersion = 6.3;
						TestTargetID = 2D93F9791ADD792000DF695B;
					};
				};
			};
			buildConfigurationList = 2D93F9751ADD792000DF695B /* Build configuration list for PBXProject "WWDC15" */;
			compatibilityVersion = "Xcode 3.2";
			developmentRegion = English;
			hasScannedForEncodings = 0;
			knownRegions = (
				en,
				Base,
			);
			mainGroup = 2D93F9711ADD792000DF695B;
			productRefGroup = 2D93F97B1ADD792000DF695B /* Products */;
			projectDirPath = "";
			projectRoot = "";
			targets = (
				2D93F9791ADD792000DF695B /* WWDC15 */,
				2D93F98E1ADD792000DF695B /* WWDC15Tests */,
			);
		};
/* End PBXProject section */

/* Begin PBXResourcesBuildPhase section */
		2D93F9781ADD792000DF695B /* Resources */ = {
			isa = PBXResourcesBuildPhase;
			buildActionMask = 2147483647;
			files = (
				2D35B63D1AE0B31D00E3E2EA /* Info.plist in Resources */,
				2D93F9851ADD792000DF695B /* Main.storyboard in Resources */,
				2DDFC2541AE649DD00CB3ACA /* glyph1.json in Resources */,
				2DE78D0F1AE50069005C8AE3 /* bgEffect.mp4 in Resources */,
				2D93F98A1ADD792000DF695B /* LaunchScreen.xib in Resources */,
				2D93F9871ADD792000DF695B /* Images.xcassets in Resources */,
				2D35B6401AE0B31D00E3E2EA /* LoadingView.xib in Resources */,
			);
			runOnlyForDeploymentPostprocessing = 0;
		};
		2D93F98D1ADD792000DF695B /* Resources */ = {
			isa = PBXResourcesBuildPhase;
			buildActionMask = 2147483647;
			files = (
			);
			runOnlyForDeploymentPostprocessing = 0;
		};
/* End PBXResourcesBuildPhase section */

/* Begin PBXShellScriptBuildPhase section */
		03E390D99D1BAA232D8F4B41 /* Copy Pods Resources */ = {
			isa = PBXShellScriptBuildPhase;
			buildActionMask = 2147483647;
			files = (
			);
			inputPaths = (
			);
			name = "Copy Pods Resources";
			outputPaths = (
			);
			runOnlyForDeploymentPostprocessing = 0;
			shellPath = /bin/sh;
			shellScript = "\"${SRCROOT}/Pods/Target Support Files/Pods/Pods-resources.sh\"\n";
			showEnvVarsInLog = 0;
		};
		9C7D55512AD5AE434745A591 /* Check Pods Manifest.lock */ = {
			isa = PBXShellScriptBuildPhase;
			buildActionMask = 2147483647;
			files = (
			);
			inputPaths = (
			);
			name = "Check Pods Manifest.lock";
			outputPaths = (
			);
			runOnlyForDeploymentPostprocessing = 0;
			shellPath = /bin/sh;
			shellScript = "diff \"${PODS_ROOT}/../Podfile.lock\" \"${PODS_ROOT}/Manifest.lock\" > /dev/null\nif [[ $? != 0 ]] ; then\n    cat << EOM\nerror: The sandbox is not in sync with the Podfile.lock. Run 'pod install' or update your CocoaPods installation.\nEOM\n    exit 1\nfi\n";
			showEnvVarsInLog = 0;
		};
/* End PBXShellScriptBuildPhase section */

/* Begin PBXSourcesBuildPhase section */
		2D93F9761ADD792000DF695B /* Sources */ = {
			isa = PBXSourcesBuildPhase;
			buildActionMask = 2147483647;
			files = (
				2DEEB6D11AEC34A700F5FFA9 /* RZStretchLayout.swift in Sources */,
				2D93F9A91ADE7F6500DF695B /* GlowLayer.swift in Sources */,
				2D35B6341AE0B31D00E3E2EA /* BlurView.swift in Sources */,
				2D35B63E1AE0B31D00E3E2EA /* KeyboardLayoutConstraint.swift in Sources */,
				2D35B6491AE0B31D00E3E2EA /* SpringTextView.swift in Sources */,
				2D35B6311AE0B31D00E3E2EA /* AsyncButton.swift in Sources */,
				2D35B63A1AE0B31D00E3E2EA /* DesignableTextView.swift in Sources */,
				2D35B64D1AE0B31D00E3E2EA /* UnwindSegue.swift in Sources */,
				2D35B6471AE0B31D00E3E2EA /* SpringLabel.swift in Sources */,
				2D93F9821ADD792000DF695B /* ViewController.swift in Sources */,
				2D9E68071AE3FFFA0047B34A /* mainBackgroundViewController.swift in Sources */,
				2DEEB6CC1AEBAE6A00F5FFA9 /* RZMagicCollectionView.swift in Sources */,
				2D35B6331AE0B31D00E3E2EA /* AutoTextView.swift in Sources */,
				2D35B6441AE0B31D00E3E2EA /* SpringAnimation.swift in Sources */,
				2DEEB6D31AEC3A7100F5FFA9 /* InfoViewController.swift in Sources */,
				2D35B63C1AE0B31D00E3E2EA /* ImageLoader.swift in Sources */,
				2D35B6501AE0B66600E3E2EA /* DynamicView.swift in Sources */,
				2D35B6481AE0B31D00E3E2EA /* SpringTextField.swift in Sources */,
				2DDFC2521AE6409300CB3ACA /* BackgroundHelper.swift in Sources */,
				2D93F9801ADD792000DF695B /* AppDelegate.swift in Sources */,
				2D35B6361AE0B31D00E3E2EA /* DesignableImageView.swift in Sources */,
				2D35B6421AE0B31D00E3E2EA /* SoundPlayer.swift in Sources */,
				2D35B6411AE0B31D00E3E2EA /* Misc.swift in Sources */,
				2D35B63B1AE0B31D00E3E2EA /* DesignableView.swift in Sources */,
				2DEEB6C71AE8866E00F5FFA9 /* RZMagicLayout.swift in Sources */,
				2D35B64A1AE0B31D00E3E2EA /* SpringView.swift in Sources */,
				2D93F9A21ADDF20200DF695B /* HomeViewController.swift in Sources */,
				2D35B6321AE0B31D00E3E2EA /* AsyncImageView.swift in Sources */,
				2DEEB6CF1AEC1A2700F5FFA9 /* MagicTransition.swift in Sources */,
				2D35B6351AE0B31D00E3E2EA /* DesignableButton.swift in Sources */,
				2D35B64C1AE0B31D00E3E2EA /* TransitionZoom.swift in Sources */,
				2D35B6461AE0B31D00E3E2EA /* SpringImageView.swift in Sources */,
				2D35B6451AE0B31D00E3E2EA /* SpringButton.swift in Sources */,
				2D35B6381AE0B31D00E3E2EA /* DesignableTabBarController.swift in Sources */,
				2DDFC2571AE6658E00CB3ACA /* glyphCollectionViewCell.swift in Sources */,
				2D35B6371AE0B31D00E3E2EA /* DesignableLabel.swift in Sources */,
				2D35B64B1AE0B31D00E3E2EA /* TransitionManager.swift in Sources */,
				2D35B6391AE0B31D00E3E2EA /* DesignableTextField.swift in Sources */,
				2D35B63F1AE0B31D00E3E2EA /* LoadingView.swift in Sources */,
				2D35B6431AE0B31D00E3E2EA /* Spring.swift in Sources */,
			);
			runOnlyForDeploymentPostprocessing = 0;
		};
		2D93F98B1ADD792000DF695B /* Sources */ = {
			isa = PBXSourcesBuildPhase;
			buildActionMask = 2147483647;
			files = (
				2D93F9961ADD792000DF695B /* WWDC15Tests.swift in Sources */,
			);
			runOnlyForDeploymentPostprocessing = 0;
		};
/* End PBXSourcesBuildPhase section */

/* Begin PBXTargetDependency section */
		2D93F9911ADD792000DF695B /* PBXTargetDependency */ = {
			isa = PBXTargetDependency;
			target = 2D93F9791ADD792000DF695B /* WWDC15 */;
			targetProxy = 2D93F9901ADD792000DF695B /* PBXContainerItemProxy */;
		};
/* End PBXTargetDependency section */

/* Begin PBXVariantGroup section */
		2D93F9831ADD792000DF695B /* Main.storyboard */ = {
			isa = PBXVariantGroup;
			children = (
				2D93F9841ADD792000DF695B /* Base */,
			);
			name = Main.storyboard;
			sourceTree = "<group>";
		};
		2D93F9881ADD792000DF695B /* LaunchScreen.xib */ = {
			isa = PBXVariantGroup;
			children = (
				2D93F9891ADD792000DF695B /* Base */,
			);
			name = LaunchScreen.xib;
			sourceTree = "<group>";
		};
/* End PBXVariantGroup section */

/* Begin XCBuildConfiguration section */
		2D93F9971ADD792000DF695B /* Debug */ = {
			isa = XCBuildConfiguration;
			buildSettings = {
				ALWAYS_SEARCH_USER_PATHS = NO;
				CLANG_CXX_LANGUAGE_STANDARD = "gnu++0x";
				CLANG_CXX_LIBRARY = "libc++";
				CLANG_ENABLE_MODULES = YES;
				CLANG_ENABLE_OBJC_ARC = YES;
				CLANG_WARN_BOOL_CONVERSION = YES;
				CLANG_WARN_CONSTANT_CONVERSION = YES;
				CLANG_WARN_DIRECT_OBJC_ISA_USAGE = YES_ERROR;
				CLANG_WARN_EMPTY_BODY = YES;
				CLANG_WARN_ENUM_CONVERSION = YES;
				CLANG_WARN_INT_CONVERSION = YES;
				CLANG_WARN_OBJC_ROOT_CLASS = YES_ERROR;
				CLANG_WARN_UNREACHABLE_CODE = YES;
				CLANG_WARN__DUPLICATE_METHOD_MATCH = YES;
				"CODE_SIGN_IDENTITY[sdk=iphoneos*]" = "iPhone Developer";
				COPY_PHASE_STRIP = NO;
				DEBUG_INFORMATION_FORMAT = "dwarf-with-dsym";
				ENABLE_STRICT_OBJC_MSGSEND = YES;
				GCC_C_LANGUAGE_STANDARD = gnu99;
				GCC_DYNAMIC_NO_PIC = NO;
				GCC_NO_COMMON_BLOCKS = YES;
				GCC_OPTIMIZATION_LEVEL = 0;
				GCC_PREPROCESSOR_DEFINITIONS = (
					"DEBUG=1",
					"$(inherited)",
				);
				GCC_SYMBOLS_PRIVATE_EXTERN = NO;
				GCC_WARN_64_TO_32_BIT_CONVERSION = YES;
				GCC_WARN_ABOUT_RETURN_TYPE = YES_ERROR;
				GCC_WARN_UNDECLARED_SELECTOR = YES;
				GCC_WARN_UNINITIALIZED_AUTOS = YES_AGGRESSIVE;
				GCC_WARN_UNUSED_FUNCTION = YES;
				GCC_WARN_UNUSED_VARIABLE = YES;
				IPHONEOS_DEPLOYMENT_TARGET = 8.3;
				MTL_ENABLE_DEBUG_INFO = YES;
				ONLY_ACTIVE_ARCH = YES;
				SDKROOT = iphoneos;
				SWIFT_OPTIMIZATION_LEVEL = "-Onone";
			};
			name = Debug;
		};
		2D93F9981ADD792000DF695B /* Release */ = {
			isa = XCBuildConfiguration;
			buildSettings = {
				ALWAYS_SEARCH_USER_PATHS = NO;
				CLANG_CXX_LANGUAGE_STANDARD = "gnu++0x";
				CLANG_CXX_LIBRARY = "libc++";
				CLANG_ENABLE_MODULES = YES;
				CLANG_ENABLE_OBJC_ARC = YES;
				CLANG_WARN_BOOL_CONVERSION = YES;
				CLANG_WARN_CONSTANT_CONVERSION = YES;
				CLANG_WARN_DIRECT_OBJC_ISA_USAGE = YES_ERROR;
				CLANG_WARN_EMPTY_BODY = YES;
				CLANG_WARN_ENUM_CONVERSION = YES;
				CLANG_WARN_INT_CONVERSION = YES;
				CLANG_WARN_OBJC_ROOT_CLASS = YES_ERROR;
				CLANG_WARN_UNREACHABLE_CODE = YES;
				CLANG_WARN__DUPLICATE_METHOD_MATCH = YES;
				"CODE_SIGN_IDENTITY[sdk=iphoneos*]" = "iPhone Developer";
				COPY_PHASE_STRIP = NO;
				DEBUG_INFORMATION_FORMAT = "dwarf-with-dsym";
				ENABLE_NS_ASSERTIONS = NO;
				ENABLE_STRICT_OBJC_MSGSEND = YES;
				GCC_C_LANGUAGE_STANDARD = gnu99;
				GCC_NO_COMMON_BLOCKS = YES;
				GCC_WARN_64_TO_32_BIT_CONVERSION = YES;
				GCC_WARN_ABOUT_RETURN_TYPE = YES_ERROR;
				GCC_WARN_UNDECLARED_SELECTOR = YES;
				GCC_WARN_UNINITIALIZED_AUTOS = YES_AGGRESSIVE;
				GCC_WARN_UNUSED_FUNCTION = YES;
				GCC_WARN_UNUSED_VARIABLE = YES;
				IPHONEOS_DEPLOYMENT_TARGET = 8.3;
				MTL_ENABLE_DEBUG_INFO = NO;
				SDKROOT = iphoneos;
				VALIDATE_PRODUCT = YES;
			};
			name = Release;
		};
		2D93F99A1ADD792000DF695B /* Debug */ = {
			isa = XCBuildConfiguration;
			baseConfigurationReference = 3EDCA2B7C01E0B43DB2BC6D2 /* Pods.debug.xcconfig */;
			buildSettings = {
				ASSETCATALOG_COMPILER_APPICON_NAME = AppIcon;
				CODE_SIGN_IDENTITY = "iPhone Developer";
				"CODE_SIGN_IDENTITY[sdk=iphoneos*]" = "iPhone Developer";
				INFOPLIST_FILE = WWDC15/Info.plist;
				LD_RUNPATH_SEARCH_PATHS = "$(inherited) @executable_path/Frameworks";
				PRODUCT_NAME = "$(TARGET_NAME)";
				PROVISIONING_PROFILE = "";
			};
			name = Debug;
		};
		2D93F99B1ADD792000DF695B /* Release */ = {
			isa = XCBuildConfiguration;
			baseConfigurationReference = 3D1B5216654E1305873CF8A7 /* Pods.release.xcconfig */;
			buildSettings = {
				ASSETCATALOG_COMPILER_APPICON_NAME = AppIcon;
				CODE_SIGN_IDENTITY = "iPhone Developer";
				"CODE_SIGN_IDENTITY[sdk=iphoneos*]" = "iPhone Developer";
				INFOPLIST_FILE = WWDC15/Info.plist;
				LD_RUNPATH_SEARCH_PATHS = "$(inherited) @executable_path/Frameworks";
				PRODUCT_NAME = "$(TARGET_NAME)";
				PROVISIONING_PROFILE = "";
			};
			name = Release;
		};
		2D93F99D1ADD792000DF695B /* Debug */ = {
			isa = XCBuildConfiguration;
			buildSettings = {
				BUNDLE_LOADER = "$(TEST_HOST)";
				FRAMEWORK_SEARCH_PATHS = (
					"$(SDKROOT)/Developer/Library/Frameworks",
					"$(inherited)",
				);
				GCC_PREPROCESSOR_DEFINITIONS = (
					"DEBUG=1",
					"$(inherited)",
				);
				INFOPLIST_FILE = WWDC15Tests/Info.plist;
				LD_RUNPATH_SEARCH_PATHS = "$(inherited) @executable_path/Frameworks @loader_path/Frameworks";
				PRODUCT_NAME = "$(TARGET_NAME)";
				TEST_HOST = "$(BUILT_PRODUCTS_DIR)/WWDC15.app/WWDC15";
			};
			name = Debug;
		};
		2D93F99E1ADD792000DF695B /* Release */ = {
			isa = XCBuildConfiguration;
			buildSettings = {
				BUNDLE_LOADER = "$(TEST_HOST)";
				FRAMEWORK_SEARCH_PATHS = (
					"$(SDKROOT)/Developer/Library/Frameworks",
					"$(inherited)",
				);
				INFOPLIST_FILE = WWDC15Tests/Info.plist;
				LD_RUNPATH_SEARCH_PATHS = "$(inherited) @executable_path/Frameworks @loader_path/Frameworks";
				PRODUCT_NAME = "$(TARGET_NAME)";
				TEST_HOST = "$(BUILT_PRODUCTS_DIR)/WWDC15.app/WWDC15";
			};
			name = Release;
		};
/* End XCBuildConfiguration section */

/* Begin XCConfigurationList section */
		2D93F9751ADD792000DF695B /* Build configuration list for PBXProject "WWDC15" */ = {
			isa = XCConfigurationList;
			buildConfigurations = (
				2D93F9971ADD792000DF695B /* Debug */,
				2D93F9981ADD792000DF695B /* Release */,
			);
			defaultConfigurationIsVisible = 0;
			defaultConfigurationName = Release;
		};
		2D93F9991ADD792000DF695B /* Build configuration list for PBXNativeTarget "WWDC15" */ = {
			isa = XCConfigurationList;
			buildConfigurations = (
				2D93F99A1ADD792000DF695B /* Debug */,
				2D93F99B1ADD792000DF695B /* Release */,
			);
			defaultConfigurationIsVisible = 0;
			defaultConfigurationName = Release;
		};
		2D93F99C1ADD792000DF695B /* Build configuration list for PBXNativeTarget "WWDC15Tests" */ = {
			isa = XCConfigurationList;
			buildConfigurations = (
				2D93F99D1ADD792000DF695B /* Debug */,
				2D93F99E1ADD792000DF695B /* Release */,
			);
			defaultConfigurationIsVisible = 0;
			defaultConfigurationName = Release;
		};
/* End XCConfigurationList section */
	};
	rootObject = 2D93F9721ADD792000DF695B /* Project object */;
}
